
Microsoft Visual Studio Solution File, Format Version 12.00
# Visual Studio Version 17
VisualStudioVersion = 17.0.31903.59
MinimumVisualStudioVersion = 10.0.40219.1
Project("{2150E333-8FDC-42A3-9474-1A3956D46DE8}") = "src", "src", "{E0E85B3B-42DA-4514-BBE3-427BAEC88584}"
EndProject
Project("{FAE04EC0-301F-11D3-BF4B-00C04F79EFBC}") = "API", "src\API\API.csproj", "{94ECFD9B-2D4D-40C4-9B97-83685B8728E5}"
EndProject
Project("{2150E333-8FDC-42A3-9474-1A3956D46DE8}") = "RiftGate-Microservice-Core", "RiftGate-Microservice-Core", "{2388C515-6E2A-46A3-AB74-0284CD8FEB8A}"
EndProject
Project("{FAE04EC0-301F-11D3-BF4B-00C04F79EFBC}") = "CodingPatterns", "src\RiftGate-Microservice-Core\CodingPatterns\CodingPatterns.csproj", "{F2DEFECE-50F3-4C97-99A4-C8E85E55FE9B}"
EndProject
Project("{FAE04EC0-301F-11D3-BF4B-00C04F79EFBC}") = "Infrastructure", "src\RiftGate-Microservice-Core\Infrastructure\Infrastructure.csproj", "{DA768F53-FFE0-4AAE-B505-6F0DDB8CA54C}"
EndProject
Global
	GlobalSection(SolutionConfigurationPlatforms) = preSolution
		Debug|Any CPU = Debug|Any CPU
		Release|Any CPU = Release|Any CPU
	EndGlobalSection
	GlobalSection(SolutionProperties) = preSolution
		HideSolutionNode = FALSE
	EndGlobalSection
	GlobalSection(ProjectConfigurationPlatforms) = postSolution
		{F2DEFECE-50F3-4C97-99A4-C8E85E55FE9B}.Debug|Any CPU.ActiveCfg = Debug|Any CPU
		{F2DEFECE-50F3-4C97-99A4-C8E85E55FE9B}.Debug|Any CPU.Build.0 = Debug|Any CPU
		{F2DEFECE-50F3-4C97-99A4-C8E85E55FE9B}.Release|Any CPU.ActiveCfg = Release|Any CPU
		{F2DEFECE-50F3-4C97-99A4-C8E85E55FE9B}.Release|Any CPU.Build.0 = Release|Any CPU
		{DA768F53-FFE0-4AAE-B505-6F0DDB8CA54C}.Debug|Any CPU.ActiveCfg = Debug|Any CPU
		{DA768F53-FFE0-4AAE-B505-6F0DDB8CA54C}.Debug|Any CPU.Build.0 = Debug|Any CPU
		{DA768F53-FFE0-4AAE-B505-6F0DDB8CA54C}.Release|Any CPU.ActiveCfg = Release|Any CPU
		{DA768F53-FFE0-4AAE-B505-6F0DDB8CA54C}.Release|Any CPU.Build.0 = Release|Any CPU
		{E3476E35-FEE2-4D23-B0BC-9F6D970725C8}.Debug|Any CPU.ActiveCfg = Debug|Any CPU
		{E3476E35-FEE2-4D23-B0BC-9F6D970725C8}.Debug|Any CPU.Build.0 = Debug|Any CPU
		{E3476E35-FEE2-4D23-B0BC-9F6D970725C8}.Release|Any CPU.ActiveCfg = Release|Any CPU
		{E3476E35-FEE2-4D23-B0BC-9F6D970725C8}.Release|Any CPU.Build.0 = Release|Any CPU
		{30BAD856-4C02-4C57-8954-1BE1F72FD2AF}.Debug|Any CPU.ActiveCfg = Debug|Any CPU
		{30BAD856-4C02-4C57-8954-1BE1F72FD2AF}.Debug|Any CPU.Build.0 = Debug|Any CPU
		{30BAD856-4C02-4C57-8954-1BE1F72FD2AF}.Release|Any CPU.ActiveCfg = Release|Any CPU
		{30BAD856-4C02-4C57-8954-1BE1F72FD2AF}.Release|Any CPU.Build.0 = Release|Any CPU
	EndGlobalSection
	GlobalSection(NestedProjects) = preSolution
		{2388C515-6E2A-46A3-AB74-0284CD8FEB8A} = {E0E85B3B-42DA-4514-BBE3-427BAEC88584}
		{F2DEFECE-50F3-4C97-99A4-C8E85E55FE9B} = {2388C515-6E2A-46A3-AB74-0284CD8FEB8A}
		{DA768F53-FFE0-4AAE-B505-6F0DDB8CA54C} = {2388C515-6E2A-46A3-AB74-0284CD8FEB8A}
		{E3476E35-FEE2-4D23-B0BC-9F6D970725C8} = {4C250669-D79A-4BC7-922E-9854E6C2863B}
		{30BAD856-4C02-4C57-8954-1BE1F72FD2AF} = {4C250669-D79A-4BC7-922E-9854E6C2863B}
	EndGlobalSection
EndGlobal
