
Microsoft Visual Studio Solution File, Format Version 12.00
# Visual Studio Version 17
VisualStudioVersion = 17.0.31903.59
MinimumVisualStudioVersion = 10.0.40219.1
Project("{2150E333-8FDC-42A3-9474-1A3956D46DE8}") = "src", "src", "{C0FB1F22-F386-4E98-8D99-817B4CD67494}"
EndProject
Project("{FAE04EC0-301F-11D3-BF4B-00C04F79EFBC}") = "API", "src\API\API.csproj", "{8524437F-65A4-4F1D-B54C-6E7964018448}"
EndProject
Project("{2150E333-8FDC-42A3-9474-1A3956D46DE8}") = "Tests", "Tests", "{8B456F40-411D-4D9D-A2C2-1EC12B1E1B42}"
EndProject
Project("{FAE04EC0-301F-11D3-BF4B-00C04F79EFBC}") = "IntegrationTests", "Tests\IntegrationTests\IntegrationTests.csproj", "{962D79CB-9636-4ECB-884C-389570351277}"
EndProject
Project("{FAE04EC0-301F-11D3-BF4B-00C04F79EFBC}") = "UnitTests", "Tests\UnitTests\UnitTests.csproj", "{07722915-FC7C-4702-9D0D-FE4EAED0C94B}"
EndProject
Project("{FAE04EC0-301F-11D3-BF4B-00C04F79EFBC}") = "Infrastructure", "..\_SharedLibraries\Riftgate-Microservice-Core\Infrastructure\Infrastructure.csproj", "{17B30BE5-4CB1-4D55-95D8-5EF4BFEC6B54}"
EndProject
Project("{FAE04EC0-301F-11D3-BF4B-00C04F79EFBC}") = "CodingPatterns", "..\_SharedLibraries\Riftgate-Microservice-Core\CodingPatterns\CodingPatterns.csproj", "{59841B07-C659-4593-9566-3F9B5A6A1238}"
EndProject
Global
	GlobalSection(SolutionConfigurationPlatforms) = preSolution
		Debug|Any CPU = Debug|Any CPU
		Release|Any CPU = Release|Any CPU
	EndGlobalSection
	GlobalSection(SolutionProperties) = preSolution
		HideSolutionNode = FALSE
	EndGlobalSection
	GlobalSection(ProjectConfigurationPlatforms) = postSolution
		{5E1AB298-2DD9-442B-9565-8860F1E75EA7}.Debug|Any CPU.ActiveCfg = Debug|Any CPU
		{5E1AB298-2DD9-442B-9565-8860F1E75EA7}.Debug|Any CPU.Build.0 = Debug|Any CPU
		{5E1AB298-2DD9-442B-9565-8860F1E75EA7}.Release|Any CPU.ActiveCfg = Release|Any CPU
		{5E1AB298-2DD9-442B-9565-8860F1E75EA7}.Release|Any CPU.Build.0 = Release|Any CPU
		{3E70805E-D137-41D7-968D-4A5E8A52D73C}.Debug|Any CPU.ActiveCfg = Debug|Any CPU
		{3E70805E-D137-41D7-968D-4A5E8A52D73C}.Debug|Any CPU.Build.0 = Debug|Any CPU
		{3E70805E-D137-41D7-968D-4A5E8A52D73C}.Release|Any CPU.ActiveCfg = Release|Any CPU
		{3E70805E-D137-41D7-968D-4A5E8A52D73C}.Release|Any CPU.Build.0 = Release|Any CPU
		{44F32E4E-6E04-4B5C-A281-9462A38FF170}.Debug|Any CPU.ActiveCfg = Debug|Any CPU
		{44F32E4E-6E04-4B5C-A281-9462A38FF170}.Debug|Any CPU.Build.0 = Debug|Any CPU
		{44F32E4E-6E04-4B5C-A281-9462A38FF170}.Release|Any CPU.ActiveCfg = Release|Any CPU
		{44F32E4E-6E04-4B5C-A281-9462A38FF170}.Release|Any CPU.Build.0 = Release|Any CPU
		{5F57D628-FBE6-4B1E-9059-B26F01B9F4DC}.Debug|Any CPU.ActiveCfg = Debug|Any CPU
		{5F57D628-FBE6-4B1E-9059-B26F01B9F4DC}.Debug|Any CPU.Build.0 = Debug|Any CPU
		{5F57D628-FBE6-4B1E-9059-B26F01B9F4DC}.Release|Any CPU.ActiveCfg = Release|Any CPU
		{5F57D628-FBE6-4B1E-9059-B26F01B9F4DC}.Release|Any CPU.Build.0 = Release|Any CPU
		{06686A4F-62E0-403B-B1B1-ECC95087808C}.Debug|Any CPU.ActiveCfg = Debug|Any CPU
		{06686A4F-62E0-403B-B1B1-ECC95087808C}.Debug|Any CPU.Build.0 = Debug|Any CPU
		{06686A4F-62E0-403B-B1B1-ECC95087808C}.Release|Any CPU.ActiveCfg = Release|Any CPU
		{06686A4F-62E0-403B-B1B1-ECC95087808C}.Release|Any CPU.Build.0 = Release|Any CPU
		{8524437F-65A4-4F1D-B54C-6E7964018448}.Debug|Any CPU.ActiveCfg = Debug|Any CPU
		{8524437F-65A4-4F1D-B54C-6E7964018448}.Debug|Any CPU.Build.0 = Debug|Any CPU
		{8524437F-65A4-4F1D-B54C-6E7964018448}.Release|Any CPU.ActiveCfg = Release|Any CPU
		{8524437F-65A4-4F1D-B54C-6E7964018448}.Release|Any CPU.Build.0 = Release|Any CPU
		{962D79CB-9636-4ECB-884C-389570351277}.Debug|Any CPU.ActiveCfg = Debug|Any CPU
		{962D79CB-9636-4ECB-884C-389570351277}.Debug|Any CPU.Build.0 = Debug|Any CPU
		{962D79CB-9636-4ECB-884C-389570351277}.Release|Any CPU.ActiveCfg = Release|Any CPU
		{962D79CB-9636-4ECB-884C-389570351277}.Release|Any CPU.Build.0 = Release|Any CPU
		{07722915-FC7C-4702-9D0D-FE4EAED0C94B}.Debug|Any CPU.ActiveCfg = Debug|Any CPU
		{07722915-FC7C-4702-9D0D-FE4EAED0C94B}.Debug|Any CPU.Build.0 = Debug|Any CPU
		{07722915-FC7C-4702-9D0D-FE4EAED0C94B}.Release|Any CPU.ActiveCfg = Release|Any CPU
		{07722915-FC7C-4702-9D0D-FE4EAED0C94B}.Release|Any CPU.Build.0 = Release|Any CPU
		{17B30BE5-4CB1-4D55-95D8-5EF4BFEC6B54}.Debug|Any CPU.ActiveCfg = Debug|Any CPU
		{17B30BE5-4CB1-4D55-95D8-5EF4BFEC6B54}.Debug|Any CPU.Build.0 = Debug|Any CPU
		{17B30BE5-4CB1-4D55-95D8-5EF4BFEC6B54}.Release|Any CPU.ActiveCfg = Release|Any CPU
		{17B30BE5-4CB1-4D55-95D8-5EF4BFEC6B54}.Release|Any CPU.Build.0 = Release|Any CPU
		{59841B07-C659-4593-9566-3F9B5A6A1238}.Debug|Any CPU.ActiveCfg = Debug|Any CPU
		{59841B07-C659-4593-9566-3F9B5A6A1238}.Debug|Any CPU.Build.0 = Debug|Any CPU
		{59841B07-C659-4593-9566-3F9B5A6A1238}.Release|Any CPU.ActiveCfg = Release|Any CPU
		{59841B07-C659-4593-9566-3F9B5A6A1238}.Release|Any CPU.Build.0 = Release|Any CPU
	EndGlobalSection
	GlobalSection(NestedProjects) = preSolution
		{5E1AB298-2DD9-442B-9565-8860F1E75EA7} = {199B2B45-E154-4B26-8824-E91E8E16E253}
		{3E70805E-D137-41D7-968D-4A5E8A52D73C} = {016968FB-8BFC-4737-B4AE-CE0EF753A7DE}
		{44F32E4E-6E04-4B5C-A281-9462A38FF170} = {016968FB-8BFC-4737-B4AE-CE0EF753A7DE}
		{5F57D628-FBE6-4B1E-9059-B26F01B9F4DC} = {199B2B45-E154-4B26-8824-E91E8E16E253}
		{06686A4F-62E0-403B-B1B1-ECC95087808C} = {199B2B45-E154-4B26-8824-E91E8E16E253}
		{8524437F-65A4-4F1D-B54C-6E7964018448} = {C0FB1F22-F386-4E98-8D99-817B4CD67494}
		{962D79CB-9636-4ECB-884C-389570351277} = {8B456F40-411D-4D9D-A2C2-1EC12B1E1B42}
		{07722915-FC7C-4702-9D0D-FE4EAED0C94B} = {8B456F40-411D-4D9D-A2C2-1EC12B1E1B42}
		{17B30BE5-4CB1-4D55-95D8-5EF4BFEC6B54} = {C0FB1F22-F386-4E98-8D99-817B4CD67494}
		{59841B07-C659-4593-9566-3F9B5A6A1238} = {C0FB1F22-F386-4E98-8D99-817B4CD67494}
	EndGlobalSection
EndGlobal
