
Microsoft Visual Studio Solution File, Format Version 12.00
# Visual Studio Version 17
VisualStudioVersion = 17.0.31903.59
MinimumVisualStudioVersion = 10.0.40219.1
Project("{2150E333-8FDC-42A3-9474-1A3956D46DE8}") = "src", "src", "{FF480792-DB41-4D01-8557-C1092C377A41}"
EndProject
Project("{FAE04EC0-301F-11D3-BF4B-00C04F79EFBC}") = "API", "src\API\API.csproj", "{2B88DBFB-47D6-47CD-8172-54FA85E0B630}"
EndProject
Project("{2150E333-8FDC-42A3-9474-1A3956D46DE8}") = "Tests", "Tests", "{911C605C-A130-49B8-91D9-62E202386DEE}"
EndProject
Project("{FAE04EC0-301F-11D3-BF4B-00C04F79EFBC}") = "IntegrationTests", "Tests\IntegrationTests\IntegrationTests.csproj", "{83E39BBF-AAC7-403E-9DA8-049D3E37ED49}"
EndProject
Project("{FAE04EC0-301F-11D3-BF4B-00C04F79EFBC}") = "UnitTests", "Tests\UnitTests\UnitTests.csproj", "{B37832CA-4C5A-4E5D-8FE7-8947DB6CC3B3}"
EndProject
Project("{FAE04EC0-301F-11D3-BF4B-00C04F79EFBC}") = "Infrastructure", "..\_SharedLibraries\Riftgate-Microservice-Core\Infrastructure\Infrastructure.csproj", "{17B30BE5-4CB1-4D55-95D8-5EF4BFEC6B54}"
EndProject
Project("{FAE04EC0-301F-11D3-BF4B-00C04F79EFBC}") = "CodingPatterns", "..\_SharedLibraries\Riftgate-Microservice-Core\CodingPatterns\CodingPatterns.csproj", "{59841B07-C659-4593-9566-3F9B5A6A1238}"
EndProject
Global
	GlobalSection(SolutionConfigurationPlatforms) = preSolution
		Debug|Any CPU = Debug|Any CPU
		Release|Any CPU = Release|Any CPU
	EndGlobalSection
	GlobalSection(SolutionProperties) = preSolution
		HideSolutionNode = FALSE
	EndGlobalSection
	GlobalSection(ProjectConfigurationPlatforms) = postSolution
		{2C30CF9B-B6AB-4F4B-9A8C-3E53BD623D89}.Debug|Any CPU.ActiveCfg = Debug|Any CPU
		{2C30CF9B-B6AB-4F4B-9A8C-3E53BD623D89}.Debug|Any CPU.Build.0 = Debug|Any CPU
		{2C30CF9B-B6AB-4F4B-9A8C-3E53BD623D89}.Release|Any CPU.ActiveCfg = Release|Any CPU
		{2C30CF9B-B6AB-4F4B-9A8C-3E53BD623D89}.Release|Any CPU.Build.0 = Release|Any CPU
		{2B88DBFB-47D6-47CD-8172-54FA85E0B630}.Debug|Any CPU.ActiveCfg = Debug|Any CPU
		{2B88DBFB-47D6-47CD-8172-54FA85E0B630}.Debug|Any CPU.Build.0 = Debug|Any CPU
		{2B88DBFB-47D6-47CD-8172-54FA85E0B630}.Release|Any CPU.ActiveCfg = Release|Any CPU
		{2B88DBFB-47D6-47CD-8172-54FA85E0B630}.Release|Any CPU.Build.0 = Release|Any CPU
		{83E39BBF-AAC7-403E-9DA8-049D3E37ED49}.Debug|Any CPU.ActiveCfg = Debug|Any CPU
		{83E39BBF-AAC7-403E-9DA8-049D3E37ED49}.Debug|Any CPU.Build.0 = Debug|Any CPU
		{83E39BBF-AAC7-403E-9DA8-049D3E37ED49}.Release|Any CPU.ActiveCfg = Release|Any CPU
		{83E39BBF-AAC7-403E-9DA8-049D3E37ED49}.Release|Any CPU.Build.0 = Release|Any CPU
		{B37832CA-4C5A-4E5D-8FE7-8947DB6CC3B3}.Debug|Any CPU.ActiveCfg = Debug|Any CPU
		{B37832CA-4C5A-4E5D-8FE7-8947DB6CC3B3}.Debug|Any CPU.Build.0 = Debug|Any CPU
		{B37832CA-4C5A-4E5D-8FE7-8947DB6CC3B3}.Release|Any CPU.ActiveCfg = Release|Any CPU
		{B37832CA-4C5A-4E5D-8FE7-8947DB6CC3B3}.Release|Any CPU.Build.0 = Release|Any CPU
	EndGlobalSection
	GlobalSection(NestedProjects) = preSolution
		{2C30CF9B-B6AB-4F4B-9A8C-3E53BD623D89} = {DBA3D0E7-DDE7-4421-AB58-AA3CBC922DDF}
		{2B88DBFB-47D6-47CD-8172-54FA85E0B630} = {FF480792-DB41-4D01-8557-C1092C377A41}
		{83E39BBF-AAC7-403E-9DA8-049D3E37ED49} = {911C605C-A130-49B8-91D9-62E202386DEE}
		{B37832CA-4C5A-4E5D-8FE7-8947DB6CC3B3} = {911C605C-A130-49B8-91D9-62E202386DEE}
	EndGlobalSection
EndGlobal
